github.com/AndreasBriese/bbloom v0.0.0-20190306092124-e2d15f34fcf9 h1:HD8gA2tkByhMAwYaFAX9w2l7vxvBQ5NMoxDrkhqhtn4=
github.com/AndreasBriese/bbloom v0.0.0-20190306092124-e2d15f34fcf9/go.mod h1:bOvUY6CB00SOBii9/FifXqc0awNKxLFCL/+pkDPuyl8=
github.com/AndreasBriese/bbloom v0.0.0-20190825152654-46b345b51c96 h1:cTp8I5+VIoKjsnZuH8vjyaysT/ses3EvZeaV/1UkF2M=
github.com/AndreasBriese/bbloom v0.0.0-20190825152654-46b345b51c96/go.mod h1:bOvUY6CB00SOBii9/FifXqc0awNKxLFCL/+pkDPuyl8=
github.com/BurntSushi/toml v0.3.1/go.mod h1:xHWCNGjB5oqiDr8zfno3MHue2Ht5sIBksp03qcyfWMU=
github.com/DataDog/zstd v1.4.1 h1:3oxKN3wbHibqx897utPC2LTQU4J+IHWWJO+glkAkpFM=
github.com/DataDog/zstd v1.4.1/go.mod h1:1jcaCB/ufaK+sKp1NBhlGmpz41jOoPQ35bpF36t7BBo=
github.com/OneOfOne/xxhash v1.2.2 h1:KMrpdQIwFcEqXDklaen+P1axHaj9BSKzvpUUfnHldSE=
github.com/OneOfOne/xxhash v1.2.2/go.mod h1:HSdplMjZKSmBqAxg5vPj2TmRDmfkzw+cTzAElWljhcU=
github.com/aead/siphash v1.0.1/go.mod h1:Nywa3cDsYNNK3gaciGTWPwHt0wlpNV15vwmswBAUSII=
github.com/alcortesm/tgz v0.0.0-20161220082320-9c5fe88206d7 h1:uSoVVbwJiQipAclBbw+8quDsfcvFjOpI5iCf4p/cqCs=
github.com/alcortesm/tgz v0.0.0-20161220082320-9c5fe88206d7/go.mod h1:6zEj6s6u/ghQa61ZWa/C2Aw3RkjiTBOix7dkqa1VLIs=
github.com/anmitsu/go-shlex v0.0.0-20161002113705-648efa622239 h1:kFOfPq6dUM1hTo4JG6LR5AXSUEsOjtdm0kw0FtQtMJA=
github.com/anmitsu/go-shlex v0.0.0-20161002113705-648efa622239/go.mod h1:2FmKhYUyUczH0OGQWaF5ceTx0UBShxjsH6f8oGKYe2c=
github.com/armon/consul-api v0.0.0-20180202201655-eb2c6b5be1b6/go.mod h1:grANhF5doyWs3UAsr3K4I6qtAmlQcZDesFNEHPZAzj8=
github.com/armon/go-socks5 v0.0.0-20160902184237-e75332964ef5 h1:0CwZNZbxp69SHPdPJAN/hZIm0C4OItdklCFmMRWYpio=
github.com/armon/go-socks5 v0.0.0-20160902184237-e75332964ef5/go.mod h1:wHh0iHkYZB8zMSxRWpUBQtwG5a7fFgvEO+odwuTv2gs=
github.com/btcsuite/btcd v0.0.0-20190213025234-306aecffea32 h1:qkOC5Gd33k54tobS36cXdAzJbeHaduLtnLQQwNoIi78=
github.com/btcsuite/btcd v0.0.0-20190213025234-306aecffea32/go.mod h1:DrZx5ec/dmnfpw9KyYoQyYo7d0KEvTkk/5M/vbZjAr8=
github.com/btcsuite/btclog v0.0.0-20170628155309-84c8d2346e9f/go.mod h1:TdznJufoqS23FtqVCzL0ZqgP5MqXbb4fg/WgDys70nA=
github.com/btcsuite/btcutil v0.0.0-20190207003914-4c204d697803/go.mod h1:+5NJ2+qvTyV9exUAL/rxXi3DcLg2Ts+ymUAY5y4NvMg=
github.com/btcsuite/go-socks v0.0.0-20170105172521-4720035b7bfd/go.mod h1:HHNXQzUsZCxOoE+CPiyCTO6x34Zs86zZUiwtpXoGdtg=
github.com/btcsuite/goleveldb v0.0.0-20160330041536-7834afc9e8cd/go.mod h1:F+uVaaLLH7j4eDXPRvw78tMflu7Ie2bzYOH4Y8rRKBY=
github.com/btcsuite/snappy-go v0.0.0-20151229074030-0bdef8d06723/go.mod h1:8woku9dyThutzjeg+3xrA5iCpBRH8XEEg3lh6TiUghc=
github.com/btcsuite/websocket v0.0.0-20150119174127-31079b680792/go.mod h1:ghJtEyQwv5/p4Mg4C0fgbePVuGr935/5ddU9Z3TmDRY=
github.com/btcsuite/winsvc v1.0.0/go.mod h1:jsenWakMcC0zFBFurPLEAyrnc/teJEM1O46fmI40EZs=
github.com/cespare/xxhash v1.1.0 h1:a6HrQnmkObjyL+Gs60czilIUGqrzKutQD6XZog3p+ko=
github.com/cespare/xxhash v1.1.0/go.mod h1:XrSqR1VqqWfGrhpAt58auRo0WTKS1nRRg3ghfAqPWnc=
github.com/cheekybits/is v0.0.0-20150225183255-68e9c0620927 h1:SKI1/fuSdodxmNNyVBR8d7X/HuLnRpvvFO0AgyQk764=
github.com/cheekybits/is v0.0.0-20150225183255-68e9c0620927/go.mod h1:h/aW8ynjgkuj+NQRlZcDbAbM1ORAbXjXX77sX7T289U=
github.com/coreos/etcd v3.3.10+incompatible/go.mod h1:uF7uidLiAD3TWHmW31ZFd/JWoc32PjwdhPthX9715RE=
github.com/coreos/go-etcd v2.0.0+incompatible/go.mod h1:Jez6KQU2B/sWsbdaef3ED8NzMklzPG4d5KIOhIy30Tk=
github.com/coreos/go-semver v0.2.0/go.mod h1:nnelYz7RCh+5ahJtPPxZlU+153eP4D4r3EedlOD2RNk=
github.com/coreos/go-semver v0.3.0/go.mod h1:nnelYz7RCh+5ahJtPPxZlU+153eP4D4r3EedlOD2RNk=
github.com/cpuguy83/go-md2man v1.0.10/go.mod h1:SmD6nW6nTyfqj6ABTjUi3V3JVMnlJmwcJI5acqYI6dE=
github.com/creack/pty v1.1.9/go.mod h1:oKZEueFk5CKHvIhNR5MUki03XCEU+Q6VDXinZuGJ33E=
github.com/davecgh/go-spew v0.0.0-20171005155431-ecdeabc65495/go.mod h1:J7Y8YcW2NihsgmVo/mv3lAwl/skON4iLHjSsI+c5H38=
github.com/davecgh/go-spew v1.1.0/go.mod h1:J7Y8YcW2NihsgmVo/mv3lAwl/skON4iLHjSsI+c5H38=
github.com/davecgh/go-spew v1.1.1 h1:vj9j/u1bqnvCEfJOwUhtlOARqs3+rkHYY13jYWTU97c=
github.com/davecgh/go-spew v1.1.1/go.mod h1:J7Y8YcW2NihsgmVo/mv3lAwl/skON4iLHjSsI+c5H38=
github.com/dgraph-io/badger/v2 v2.0.3 h1:inzdf6VF/NZ+tJ8RwwYMjJMvsOALTHYdozn0qSl6XJI=
github.com/dgraph-io/badger/v2 v2.0.3/go.mod h1:3KY8+bsP8wI0OEnQJAKpd4wIJW/Mm32yw2j/9FUVnIM=
github.com/dgraph-io/ristretto v0.0.2-0.20200115201040-8f368f2f2ab3 h1:MQLRM35Pp0yAyBYksjbj1nZI/w6eyRY/mWoM1sFf4kU=
github.com/dgraph-io/ristretto v0.0.2-0.20200115201040-8f368f2f2ab3/go.mod h1:KPxhHT9ZxKefz+PCeOGsrHpl1qZ7i70dGTu2u+Ahh6E=
github.com/dgryski/go-farm v0.0.0-20190423205320-6a90982ecee2 h1:tdlZCpZ/P9DhczCTSixgIKmwPv6+wP5DGjqLYw5SUiA=
github.com/dgryski/go-farm v0.0.0-20190423205320-6a90982ecee2/go.mod h1:SqUrOPUnsFjfmXRMNPybcSiG0BgUW2AuFH8PAnS2iTw=
github.com/dgryski/go-farm v0.0.0-20200201041132-a6ae2369ad13 h1:fAjc9m62+UWV/WAFKLNi6ZS0675eEUC9y3AlwSbQu1Y=
github.com/dgryski/go-farm v0.0.0-20200201041132-a6ae2369ad13/go.mod h1:SqUrOPUnsFjfmXRMNPybcSiG0BgUW2AuFH8PAnS2iTw=
github.com/dustin/go-humanize v1.0.0 h1:VSnTsYCnlFHaM2/igO1h6X3HA71jcobQuxemgkq4zYo=
github.com/dustin/go-humanize v1.0.0/go.mod h1:HtrtbFcZ19U5GC7JDqmcUSB87Iq5E25KnS6fMYU6eOk=
github.com/emirpasic/gods v1.9.0 h1:rUF4PuzEjMChMiNsVjdI+SyLu7rEqpQ5reNFnhC7oFo=
github.com/emirpasic/gods v1.9.0/go.mod h1:YfzfFFoVP/catgzJb4IKIqXjX78Ha8FMSDh3ymbK86o=
github.com/emirpasic/gods v1.12.0 h1:QAUIPSaCu4G+POclxeqb3F+WPpdKqFGlw36+yOzGlrg=
github.com/emirpasic/gods v1.12.0/go.mod h1:YfzfFFoVP/catgzJb4IKIqXjX78Ha8FMSDh3ymbK86o=
github.com/flynn/go-shlex v0.0.0-20150515145356-3f9db97f8568 h1:BHsljHzVlRcyQhjrss6TZTdY2VfCqZPbv5k3iBFa2ZQ=
github.com/flynn/go-shlex v0.0.0-20150515145356-3f9db97f8568/go.mod h1:xEzjJPgXI435gkrCt3MPfRiAkVrwSbHsst4LCFVfpJc=
github.com/fsnotify/fsnotify v1.4.7/go.mod h1:jwhsz4b93w/PPRr/qN1Yymfu8t87LnFCMoQvtojpjFo=
github.com/gliderlabs/ssh v0.1.1/go.mod h1:U7qILu1NlMHj9FlMhZLlkCdDnU1DBEAqr0aevW3Awn0=
github.com/gliderlabs/ssh v0.2.2 h1:6zsha5zo/TWhRhwqCD3+EarCAgZ2yN28ipRnGPnwkI0=
github.com/gliderlabs/ssh v0.2.2/go.mod h1:U7qILu1NlMHj9FlMhZLlkCdDnU1DBEAqr0aevW3Awn0=
github.com/go-git/gcfg v1.5.0 h1:Q5ViNfGF8zFgyJWPqYwA7qGFoMTEiBmdlkcfRmpIMa4=
github.com/go-git/gcfg v1.5.0/go.mod h1:5m20vg6GwYabIxaOonVkTdrILxQMpEShl1xiMF4ua+E=
github.com/go-git/go-billy/v5 v5.0.0 h1:7NQHvd9FVid8VL4qVUMm8XifBK+2xCoZ2lSk0agRrHM=
github.com/go-git/go-billy/v5 v5.0.0/go.mod h1:pmpqyWchKfYfrkb/UVH4otLvyi/5gJlGI4Hb3ZqZ3W0=
github.com/go-git/go-git-fixtures/v4 v4.0.1 h1:q+IFMfLx200Q3scvt2hN79JsEzy4AmBTp/pqnefH+Bc=
github.com/go-git/go-git-fixtures/v4 v4.0.1/go.mod h1:m+ICp2rF3jDhFgEZ/8yziagdT1C+ZpZcrJjappBCDSw=
github.com/go-git/go-git/v5 v5.0.0 h1:k5RWPm4iJwYtfWoxIJy4wJX9ON7ihPeZZYC1fLYDnpg=
github.com/go-git/go-git/v5 v5.0.0/go.mod h1:oYD8y9kWsGINPFJoLdaScGCN6dlKg23blmClfZwtUVA=
github.com/gogo/protobuf v1.2.1 h1:/s5zKNz0uPFCZ5hddgPdo2TK2TVrUNMn0OOX8/aZMTE=
github.com/gogo/protobuf v1.2.1/go.mod h1:hp+jE20tsWTFYpLwKvXlhS1hjn+gTNwPg2I6zVXpSg4=
github.com/golang/protobuf v1.2.0 h1:P3YflyNX/ehuJFLhxviNdFxQPkGK5cDcApsge1SqnvM=
github.com/golang/protobuf v1.2.0/go.mod h1:6lQm79b+lXiMfvg/cZm0SGofjICqVBUtrP5yJMmIC1U=
github.com/golang/protobuf v1.3.1 h1:YF8+flBXS5eO826T4nzqPrxfhQThhXl0YzfuUPu4SBg=
github.com/golang/protobuf v1.3.1/go.mod h1:6lQm79b+lXiMfvg/cZm0SGofjICqVBUtrP5yJMmIC1U=
github.com/golang/snappy v0.0.1 h1:Qgr9rKW7uDUkrbSmQeiDsGa8SjGyCOGtuasMWwvp2P4=
github.com/golang/snappy v0.0.1/go.mod h1:/XxbfmMg8lxefKM7IXC3fBNl/7bRcc72aCRzEWrmP2Q=
github.com/google/go-cmp v0.2.0/go.mod h1:oXzfMopK8JAjlY9xF4vHSVASa0yLyX7SntLO5aqRK0M=
github.com/google/go-cmp v0.3.0 h1:crn/baboCvb5fXaQ0IJ1SGTsTVrWpDsCWC8EGETZijY=
github.com/google/go-cmp v0.3.0/go.mod h1:8QqcDgzrUqlUb/G2PQTWiueGozuR1884gddMywk6iLU=
github.com/gxed/hashland/keccakpg v0.0.1/go.mod h1:kRzw3HkwxFU1mpmPP8v1WyQzwdGfmKFJ6tItnhQ67kU=
github.com/gxed/hashland/murmur3 v0.0.1/go.mod h1:KjXop02n4/ckmZSnY2+HKcLud/tcmvhST0bie/0lS48=
github.com/hashicorp/hcl v1.0.0/go.mod h1:E5yfLk+7swimpb2L/Alb/PJmXilQ/rhwaUYs4T20WEQ=
github.com/hpcloud/tail v1.0.0/go.mod h1:ab1qPbhIpdTxEkNHXyeSf5vhxWSCs/tWer42PpOxQnU=
github.com/inconshreveable/mousetrap v1.0.0/go.mod h1:PxqpIevigyE2G7u3NXJIT2ANytuPF1OarO4DADm73n8=
github.com/ipfs/go-block-format v0.0.2 h1:qPDvcP19izTjU8rgo6p7gTXZlkMkF5bz5G3fqIsSCPE=
github.com/ipfs/go-block-format v0.0.2/go.mod h1:AWR46JfpcObNfg3ok2JHDUfdiHRgWhJgCQF+KIgOPJY=
github.com/ipfs/go-cid v0.0.1/go.mod h1:GHWU/WuQdMPmIosc4Yn1bcCT7dSeX4lBafM7iqUPQvM=
github.com/ipfs/go-cid v0.0.2 h1:tuuKaZPU1M6HcejsO3AcYWW8sZ8MTvyxfc4uqB4eFE8=
github.com/ipfs/go-cid v0.0.2/go.mod h1:GHWU/WuQdMPmIosc4Yn1bcCT7dSeX4lBafM7iqUPQvM=
github.com/ipfs/go-cid v0.0.5 h1:o0Ix8e/ql7Zb5UVUJEUfjsWCIY8t48++9lR8qi6oiJU=
github.com/ipfs/go-cid v0.0.5/go.mod h1:plgt+Y5MnOey4vO4UlUazGqdbEXuFYitED67FexhXog=
github.com/ipfs/go-ipfs-api v0.0.1 h1:4wx4mSgeq5FwMN8LDF7WLwPDKEd+YKjgySrpOJQ2r8o=
github.com/ipfs/go-ipfs-api v0.0.1/go.mod h1:0FhXgCzrLu7qNmdxZvgYqD9jFzJxzz1NAVt3OQ0WOIc=
github.com/ipfs/go-ipfs-api v0.0.3 h1:1XZBfVDGj0GyyO5WItLrz2opCwezIm9LfFcBfe+sRxM=
github.com/ipfs/go-ipfs-api v0.0.3/go.mod h1:EgBqlEzrA22SnNKq4tcP2GDPKxbfF+uRTd2YFmR1uUk=
github.com/ipfs/go-ipfs-files v0.0.1 h1:OroTsI58plHGX70HPLKy6LQhPR3HZJ5ip61fYlo6POM=
github.com/ipfs/go-ipfs-files v0.0.1/go.mod h1:INEFm0LL2LWXBhNJ2PMIIb2w45hpXgPjNoE7yA8Y1d4=
github.com/ipfs/go-ipfs-files v0.0.6 h1:sMRtPiSmDrTA2FEiFTtk1vWgO2Dkg7bxXKJ+s8/cDAc=
github.com/ipfs/go-ipfs-files v0.0.6/go.mod h1:lVYE6sgAdtZN5825beJjSAHibw7WOBNPDWz5LaJeukg=
github.com/ipfs/go-ipfs-util v0.0.1 h1:Wz9bL2wB2YBJqggkA4dD7oSmqB4cAnpNbGrlHJulv50=
github.com/ipfs/go-ipfs-util v0.0.1/go.mod h1:spsl5z8KUnrve+73pOhSVZND1SIxPW5RyBCNzQxlJBc=
github.com/ipfs/go-ipld-format v0.0.1 h1:HCu4eB/Gh+KD/Q0M8u888RFkorTWNIL3da4oc5dwc80=
github.com/ipfs/go-ipld-format v0.0.1/go.mod h1:kyJtbkDALmFHv3QR6et67i35QzO3S0dCDnkOJhcZkms=
github.com/ipfs/go-ipld-git v0.0.3 h1:/YjkjCyo5KYRpW+suby8Xh9Cm/iH9dAgGV6qyZ1dGus=
github.com/ipfs/go-ipld-git v0.0.3/go.mod h1:RuvMXa9qtJpDbqngyICCU/d+cmLFXxLsbIclmD0Lcr0=
github.com/jbenet/go-context v0.0.0-20150711004518-d14ea06fba99 h1:BQSFePA1RWJOlocH6Fxy8MmwDt+yVQYULKfN0RoTN8A=
github.com/jbenet/go-context v0.0.0-20150711004518-d14ea06fba99/go.mod h1:1lJo3i6rXxKeerYnT8Nvf0QmHCRC1n8sfWVwXF2Frvo=
github.com/jbenet/goprocess v0.0.0-20160826012719-b497e2f366b8/go.mod h1:Ly/wlsjFq/qrU3Rar62tu1gASgGw6chQbSh/XgIIXCY=
github.com/jessevdk/go-flags v0.0.0-20141203071132-1679536dcc89/go.mod h1:4FA24M0QyGHXBuZZK/XkWh8h0e1EYbRYJSGM75WSRxI=
github.com/jessevdk/go-flags v1.4.0/go.mod h1:4FA24M0QyGHXBuZZK/XkWh8h0e1EYbRYJSGM75WSRxI=
github.com/jrick/logrotate v1.0.0/go.mod h1:LNinyqDIJnpAur+b8yyulnQw/wDuN1+BYKlTRt3OuAQ=
github.com/kevinburke/ssh_config v0.0.0-20180830205328-81db2a75821e h1:RgQk53JHp/Cjunrr1WlsXSZpqXn+uREuHvUVcK82CV8=
github.com/kevinburke/ssh_config v0.0.0-20180830205328-81db2a75821e/go.mod h1:CT57kijsi8u/K/BOFA39wgDQJ9CxiF4nAY/ojJ6r6mM=
github.com/kevinburke/ssh_config v0.0.0-20190725054713-01f96b0aa0cd h1:Coekwdh0v2wtGp9Gmz1Ze3eVRAWJMLokvN3QjdzCHLY=
github.com/kevinburke/ssh_config v0.0.0-20190725054713-01f96b0aa0cd/go.mod h1:CT57kijsi8u/K/BOFA39wgDQJ9CxiF4nAY/ojJ6r6mM=
github.com/kisielk/errcheck v1.1.0/go.mod h1:EZBBE59ingxPouuu3KfxchcWSUPOHkagtvWXihfKN4Q=
github.com/kisielk/gotool v1.0.0/go.mod h1:XhKaO+MFFWcvkIS/tQcRk01m1F5IRFswLeQ+oQHNcck=
github.com/kkdai/bstream v0.0.0-20161212061736-f391b8402d23/go.mod h1:J+Gs4SYgM6CZQHDETBtE9HaSEkGmuNXF86RwHhHUvq4=
github.com/kr/pretty v0.1.0/go.mod h1:dAy3ld7l9f0ibDNOQOHHMYYIIbhfbHSm3C4ZsoJORNo=
github.com/kr/pty v1.1.1/go.mod h1:pFQYn66WHrOpPYNljwOMqo10TkYh1fy3cYio2l3bCsQ=
github.com/kr/text v0.1.0/go.mod h1:4Jbv+DJW3UT/LiOwJeYQe1efqtUx/iVham/4vfdArNI=
github.com/kr/text v0.2.0 h1:5Nx0Ya0ZqY2ygV366QzturHI13Jq95ApcVaJBhpS+AY=
github.com/kr/text v0.2.0/go.mod h1:eLer722TekiGuMkidMxC/pM04lWEeraHUUmBw8l2grE=
github.com/libp2p/go-flow-metrics v0.0.1 h1:0gxuFd2GuK7IIP5pKljLwps6TvcuYgvG7Atqi3INF5s=
github.com/libp2p/go-flow-metrics v0.0.1/go.mod h1:Iv1GH0sG8DtYN3SVJ2eG221wMiNpZxBdp967ls1g+k8=
github.com/libp2p/go-libp2p-core v0.0.1 h1:HSTZtFIq/W5Ue43Zw+uWZyy2Vl5WtF0zDjKN8/DT/1I=
github.com/libp2p/go-libp2p-core v0.0.1/go.mod h1:g/VxnTZ/1ygHxH3dKok7Vno1VfpvGcGip57wjTU4fco=
github.com/libp2p/go-libp2p-crypto v0.0.1 h1:JNQd8CmoGTohO/akqrH16ewsqZpci2CbgYH/LmYl8gw=
github.com/libp2p/go-libp2p-crypto v0.0.1/go.mod h1:yJkNyDmO341d5wwXxDUGO0LykUVT72ImHNUqh5D/dBE=
github.com/libp2p/go-libp2p-crypto v0.1.0 h1:k9MFy+o2zGDNGsaoZl0MA3iZ75qXxr9OOoAZF+sD5OQ=
github.com/libp2p/go-libp2p-crypto v0.1.0/go.mod h1:sPUokVISZiy+nNuTTH/TY+leRSxnFj/2GLjtOTW90hI=
github.com/libp2p/go-libp2p-metrics v0.0.1 h1:yumdPC/P2VzINdmcKZd0pciSUCpou+s0lwYCjBbzQZU=
github.com/libp2p/go-libp2p-metrics v0.0.1/go.mod h1:jQJ95SXXA/K1VZi13h52WZMa9ja78zjyy5rspMsC/08=
github.com/libp2p/go-libp2p-metrics v0.1.0 h1:v7YMUTHNobFaQeqaMfJJMbnK3EPlZeb6/KFm4gE9dks=
github.com/libp2p/go-libp2p-metrics v0.1.0/go.mod h1:rpoJmXWFxnj7qs5sJ02sxSzrhaZvpqBn8GCG6Sx6E1k=
github.com/libp2p/go-libp2p-peer v0.0.1 h1:0qwAOljzYewINrU+Kndoc+1jAL7vzY/oY2Go4DCGfyY=
github.com/libp2p/go-libp2p-peer v0.0.1/go.mod h1:nXQvOBbwVqoP+T5Y5nCjeH4sP9IX/J0AMzcDUVruVoo=
github.com/libp2p/go-libp2p-peer v0.2.0 h1:EQ8kMjaCUwt/Y5uLgjT8iY2qg0mGUT0N1zUjer50DsY=
github.com/libp2p/go-libp2p-peer v0.2.0/go.mod h1:RCffaCvUyW2CJmG2gAWVqwePwW7JMgxjsHm7+J5kjWY=
github.com/libp2p/go-libp2p-protocol v0.0.1 h1:+zkEmZ2yFDi5adpVE3t9dqh/N9TbpFWywowzeEzBbLM=
github.com/libp2p/go-libp2p-protocol v0.0.1/go.mod h1:Af9n4PiruirSDjHycM1QuiMi/1VZNHYcK8cLgFJLZ4s=
github.com/libp2p/go-libp2p-protocol v0.1.0 h1:HdqhEyhg0ToCaxgMhnOmUO8snQtt/kQlcjVk3UoJU3c=
github.com/libp2p/go-libp2p-protocol v0.1.0/go.mod h1:KQPHpAabB57XQxGrXCNvbL6UEXfQqUgC/1adR2Xtflk=
github.com/magiconair/properties v1.8.0/go.mod h1:PppfXfuXeibc/6YijjN8zIbojt8czPbwD3XqdrwzmxQ=
github.com/mdempsky/gocode v0.0.0-20200405233807-4acdcbdea79d h1:P8ngpzttYTqLj67Xt66V+2o5C53fGhXvkbqwFXMFvVI=
github.com/mdempsky/gocode v0.0.0-20200405233807-4acdcbdea79d/go.mod h1:hltEC42XzfMNgg0S1v6JTywwra2Mu6F6cLR03debVQ8=
github.com/minio/blake2b-simd v0.0.0-20160723061019-3f5f724cb5b1 h1:lYpkrQH5ajf0OXOcUbGjvZxxijuBwbbmlSxLiuofa+g=
github.com/minio/blake2b-simd v0.0.0-20160723061019-3f5f724cb5b1/go.mod h1:pD8RvIylQ358TN4wwqatJ8rNavkEINozVn9DtGI3dfQ=
github.com/minio/sha256-simd v0.0.0-20190131020904-2d45a736cd16/go.mod h1:2FMWW+8GMoPweT6+pI63m9YE3Lmw4J71hV56Chs1E/U=
github.com/minio/sha256-simd v0.0.0-20190328051042-05b4dd3047e5 h1:l16XLUUJ34wIz+RIvLhSwGvLvKyy+W598b135bJN6mg=
github.com/minio/sha256-simd v0.0.0-20190328051042-05b4dd3047e5/go.mod h1:2FMWW+8GMoPweT6+pI63m9YE3Lmw4J71hV56Chs1E/U=
github.com/minio/sha256-simd v0.1.1-0.20190913151208-6de447530771 h1:MHkK1uRtFbVqvAgvWxafZe54+5uBxLluGylDiKgdhwo=
github.com/minio/sha256-simd v0.1.1-0.20190913151208-6de447530771/go.mod h1:B5e1o+1/KgNmWrSQK08Y6Z1Vb5pwIktudl0J58iy0KM=
github.com/mitchellh/go-homedir v1.0.0/go.mod h1:SfyaCUpYCn1Vlf4IUYiD9fPX4A5wJrkLzIz1N1q0pr0=
github.com/mitchellh/go-homedir v1.1.0 h1:lukF9ziXFxDFPkA1vsr5zpc1XuPDn/wFntq5mG+4E0Y=
github.com/mitchellh/go-homedir v1.1.0/go.mod h1:SfyaCUpYCn1Vlf4IUYiD9fPX4A5wJrkLzIz1N1q0pr0=
github.com/mitchellh/mapstructure v1.1.2/go.mod h1:FVVH3fgwuzCH5S8UJGiWEs2h04kUh9fWfEaFds41c1Y=
github.com/mr-tron/base58 v1.1.0/go.mod h1:xcD2VGqlgYjBdcBLw+TuYLr8afG+Hj8g2eTVqeSzSU8=
github.com/mr-tron/base58 v1.1.1/go.mod h1:xcD2VGqlgYjBdcBLw+TuYLr8afG+Hj8g2eTVqeSzSU8=
github.com/mr-tron/base58 v1.1.2 h1:ZEw4I2EgPKDJ2iEw0cNmLB3ROrEmkOtXIkaG7wZg+78=
github.com/mr-tron/base58 v1.1.2/go.mod h1:BinMc/sQntlIE1frQmRFPUoPA1Zkr8VRgBdjWI2mNwc=
github.com/mr-tron/base58 v1.1.3 h1:v+sk57XuaCKGXpWtVBX8YJzO7hMGx4Aajh4TQbdEFdc=
github.com/mr-tron/base58 v1.1.3/go.mod h1:BinMc/sQntlIE1frQmRFPUoPA1Zkr8VRgBdjWI2mNwc=
github.com/multiformats/go-base32 v0.0.3 h1:tw5+NhuwaOjJCC5Pp82QuXbrmLzWg7uxlMFp8Nq/kkI=
github.com/multiformats/go-base32 v0.0.3/go.mod h1:pLiuGC8y0QR3Ue4Zug5UzK9LjgbkL8NSQj0zQ5Nz/AA=
github.com/multiformats/go-multiaddr v0.0.1 h1:/QUV3VBMDI6pi6xfiw7lr6xhDWWvQKn9udPn68kLSdY=
github.com/multiformats/go-multiaddr v0.0.1/go.mod h1:xKVEak1K9cS1VdmPZW3LSIb6lgmoS58qz/pzqmAxV44=
github.com/multiformats/go-multiaddr v0.0.2/go.mod h1:xKVEak1K9cS1VdmPZW3LSIb6lgmoS58qz/pzqmAxV44=
github.com/multiformats/go-multiaddr v0.1.0/go.mod h1:xKVEak1K9cS1VdmPZW3LSIb6lgmoS58qz/pzqmAxV44=
github.com/multiformats/go-multiaddr v0.1.1/go.mod h1:aMKBKNEYmzmDmxfX88/vz+J5IU55txyt0p4aiWVohjo=
github.com/multiformats/go-multiaddr v0.2.0 h1:lR52sFwcTCuQb6bTfnXF6zA2XfyYvyd+5a9qECv/J90=
github.com/multiformats/go-multiaddr v0.2.0/go.mod h1:0nO36NvPpyV4QzvTLi/lafl2y95ncPj0vFwVF6k6wJ4=
github.com/multiformats/go-multiaddr-dns v0.0.1 h1:jQt9c6tDSdQLIlBo4tXYx7QUHCPjxsB1zXcag/2S7zc=
github.com/multiformats/go-multiaddr-dns v0.0.1/go.mod h1:9kWcqw/Pj6FwxAwW38n/9403szc57zJPs45fmnznu3Q=
github.com/multiformats/go-multiaddr-dns v0.2.0 h1:YWJoIDwLePniH7OU5hBnDZV6SWuvJqJ0YtN6pLeH9zA=
github.com/multiformats/go-multiaddr-dns v0.2.0/go.mod h1:TJ5pr5bBO7Y1B18djPuRsVkduhQH2YqYSbxWJzYGdK0=
github.com/multiformats/go-multiaddr-net v0.0.1 h1:76O59E3FavvHqNg7jvzWzsPSW5JSi/ek0E4eiDVbg9g=
github.com/multiformats/go-multiaddr-net v0.0.1/go.mod h1:nw6HSxNmCIQH27XPGBuX+d1tnvM7ihcFwHMSstNAVUU=
github.com/multiformats/go-multiaddr-net v0.1.1 h1:jFFKUuXTXv+3ARyHZi3XUqQO+YWMKgBdhEvuGRfnL6s=
github.com/multiformats/go-multiaddr-net v0.1.1/go.mod h1:5JNbcfBOP4dnhoZOv10JJVkJO0pCCEf8mTnipAo2UZQ=
github.com/multiformats/go-multibase v0.0.1 h1:PN9/v21eLywrFWdFNsFKaU04kLJzuYzmrJR+ubhT9qA=
github.com/multiformats/go-multibase v0.0.1/go.mod h1:bja2MqRZ3ggyXtZSEDKpl0uO/gviWFaSteVbWT51qgs=
github.com/multiformats/go-multihash v0.0.1/go.mod h1:w/5tugSrLEbWqlcgJabL3oHFKTwfvkofsjW2Qa1ct4U=
github.com/multiformats/go-multihash v0.0.5 h1:1wxmCvTXAifAepIMyF39vZinRw5sbqjPs/UIi93+uik=
github.com/multiformats/go-multihash v0.0.5/go.mod h1:lt/HCbqlQwlPBz7lv0sQCdtfcMtlJvakRUn/0Ual8po=
github.com/multiformats/go-multihash v0.0.8/go.mod h1:YSLudS+Pi8NHE7o6tb3D8vrpKa63epEDmG8nTduyAew=
github.com/multiformats/go-multihash v0.0.13 h1:06x+mk/zj1FoMsgNejLpy6QTvJqlSt/BhLEy87zidlc=
github.com/multiformats/go-multihash v0.0.13/go.mod h1:VdAWLKTwram9oKAatUcLxBNUjdtcVwxObEQBtRfuyjc=
github.com/multiformats/go-varint v0.0.1/go.mod h1:3Ls8CIEsrijN6+B7PbrXRPxHRPuXSrVKRY101jdMZYE=
github.com/multiformats/go-varint v0.0.5 h1:XVZwSo04Cs3j/jS0uAEPpT3JY6DzMcVLLoWOSnCxOjg=
github.com/multiformats/go-varint v0.0.5/go.mod h1:3Ls8CIEsrijN6+B7PbrXRPxHRPuXSrVKRY101jdMZYE=
github.com/niemeyer/pretty v0.0.0-20200227124842-a10e7caefd8e h1:fD57ERR4JtEqsWbfPhv4DMiApHyliiK5xCTNVSPiaAs=
github.com/niemeyer/pretty v0.0.0-20200227124842-a10e7caefd8e/go.mod h1:zD1mROLANZcx1PVRCS0qkT7pwLkGfwJo4zjcN/Tysno=
github.com/onsi/ginkgo v1.6.0/go.mod h1:lLunBs/Ym6LB5Z9jYTR76FiuTmxDTDusOGeTQH+WWjE=
github.com/onsi/ginkgo v1.7.0/go.mod h1:lLunBs/Ym6LB5Z9jYTR76FiuTmxDTDusOGeTQH+WWjE=
github.com/onsi/gomega v1.4.3/go.mod h1:ex+gbHU/CVuBBDIJjb2X0qEXbFg53c61hWP/1CpauHY=
github.com/pelletier/go-buffruneio v0.2.0 h1:U4t4R6YkofJ5xHm3dJzuRpPZ0mr5MMCoAWooScCR7aA=
github.com/pelletier/go-buffruneio v0.2.0/go.mod h1:JkE26KsDizTr40EUHkXVtNPvgGtbSNq5BcowyYOWdKo=
github.com/pelletier/go-toml v1.2.0/go.mod h1:5z9KED0ma1S8pY6P1sdut58dfprrGBbd/94hg7ilaic=
github.com/pkg/errors v0.8.0 h1:WdK/asTD0HN+q6hsWO3/vpuAkAr+tw6aNJNDFFf0+qw=
github.com/pkg/errors v0.8.0/go.mod h1:bwawxfHBFNV+L2hUp1rHADufV3IMtnDRdf1r5NINEl0=
github.com/pkg/errors v0.8.1 h1:iURUrRGxPUNPdy5/HRSm+Yj6okJ6UtLINN0Q9M4+h3I=
github.com/pkg/errors v0.8.1/go.mod h1:bwawxfHBFNV+L2hUp1rHADufV3IMtnDRdf1r5NINEl0=
github.com/pmezard/go-difflib v1.0.0 h1:4DBwDE0NGyQoBHbLQYPwSUPoCMWR5BEzIk/f1lZbAQM=
github.com/pmezard/go-difflib v1.0.0/go.mod h1:iKH77koFhYxTK1pcRnkKkqfTogsbg7gZNVY4sRDYZ/4=
github.com/ramya-rao-a/go-outline v0.0.0-20200117021646-2a048b4510eb h1:ilZSL4VaIq4Hsi+lH928xQKnSWymFug6r2gJomUBpW8=
github.com/ramya-rao-a/go-outline v0.0.0-20200117021646-2a048b4510eb/go.mod h1:1WL5IqM+CnRCAbXetRnL1YVoS9KtU2zMhOi/5oAVPo4=
github.com/remeh/sizedwaitgroup v0.0.0-20180822144253-5e7302b12cce h1:aP+C+YbHZfOQlutA4p4soHi7rVUqHQdWEVMSkHfDTqY=
github.com/remeh/sizedwaitgroup v0.0.0-20180822144253-5e7302b12cce/go.mod h1:3j2R4OIe/SeS6YDhICBy22RWjJC5eNCJ1V+9+NVNYlo=
github.com/remeh/sizedwaitgroup v1.0.0 h1:VNGGFwNo/R5+MJBf6yrsr110p0m4/OX4S3DCy7Kyl5E=
github.com/remeh/sizedwaitgroup v1.0.0/go.mod h1:3j2R4OIe/SeS6YDhICBy22RWjJC5eNCJ1V+9+NVNYlo=
github.com/russross/blackfriday v1.5.2/go.mod h1:JO/DiYxRf+HjHt06OyowR9PTA263kcR/rfWxYHBV53g=
github.com/sergi/go-diff v1.1.0 h1:we8PVUC3FE2uYfodKH/nBHMSetSfHDR6scGdBi+erh0=
github.com/sergi/go-diff v1.1.0/go.mod h1:STckp+ISIX8hZLjrqAeVduY0gWCT9IjLuqbuNXdaHfM=
github.com/spacemonkeygo/openssl v0.0.0-20181017203307-c2dcc5cca94a h1:/eS3yfGjQKG+9kayBkj0ip1BGhq6zJ3eaVksphxAaek=
github.com/spacemonkeygo/openssl v0.0.0-20181017203307-c2dcc5cca94a/go.mod h1:7AyxJNCJ7SBZ1MfVQCWD6Uqo2oubI2Eq2y2eqf+A5r0=
github.com/spacemonkeygo/spacelog v0.0.0-20180420211403-2296661a0572 h1:RC6RW7j+1+HkWaX/Yh71Ee5ZHaHYt7ZP4sQgUrm6cDU=
github.com/spacemonkeygo/spacelog v0.0.0-20180420211403-2296661a0572/go.mod h1:w0SWMsp6j9O/dk4/ZpIhL+3CkG8ofA2vuv7k+ltqUMc=
github.com/spaolacci/murmur3 v0.0.0-20180118202830-f09979ecbc72/go.mod h1:JwIasOWyU6f++ZhiEuf87xNszmSA2myDM2Kzu9HwQUA=
github.com/spaolacci/murmur3 v1.1.0 h1:7c1g84S4BPRrfL5Xrdp6fOJ206sU9y293DDHaoy0bLI=
github.com/spaolacci/murmur3 v1.1.0/go.mod h1:JwIasOWyU6f++ZhiEuf87xNszmSA2myDM2Kzu9HwQUA=
github.com/spf13/afero v1.1.2/go.mod h1:j4pytiNVoe2o6bmDsKpLACNPDBIoEAkihy7loJ1B0CQ=
github.com/spf13/cast v1.3.0/go.mod h1:Qx5cxh0v+4UWYiBimWS+eyWzqEqokIECu5etghLkUJE=
github.com/spf13/cobra v0.0.5/go.mod h1:3K3wKZymM7VvHMDS9+Akkh4K60UwM26emMESw8tLCHU=
github.com/spf13/jwalterweatherman v1.0.0/go.mod h1:cQK4TGJAtQXfYWX+Ddv3mKDzgVb68N+wFjFa4jdeBTo=
github.com/spf13/pflag v1.0.3/go.mod h1:DYY7MBk1bdzusC3SYhjObp+wFpr4gzcvqqNjLnInEg4=
github.com/spf13/viper v1.3.2/go.mod h1:ZiWeW+zYFKm7srdB9IoDzzZXaJaI5eL9QjNiN/DMA2s=
github.com/src-d/gcfg v1.4.0 h1:xXbNR5AlLSA315x2UO+fTSSAXCDf+Ar38/6oyGbDKQ4=
github.com/src-d/gcfg v1.4.0/go.mod h1:p/UMsR43ujA89BJY9duynAwIpvqEujIH/jFlfL7jWoI=
github.com/stretchr/objx v0.1.0/go.mod h1:HFkY916IF+rwdDfMAkV7OtwuqBVzrE8GR6GFx+wExME=
github.com/stretchr/testify v1.2.2/go.mod h1:a8OnRcib4nhh0OaRAV+Yts87kKdq0PP7pXfy6kDkUVs=
github.com/stretchr/testify v1.4.0 h1:2E4SXV/wtOkTonXsotYi4li6zVWxYlZuYNCXe9XRJyk=
github.com/stretchr/testify v1.4.0/go.mod h1:j7eGeouHqKxXV5pUuKE4zz7dFj8WfuZ+81PSLYec5m4=
github.com/ugorji/go/codec v0.0.0-20181204163529-d75b2dcb6bc8/go.mod h1:VFNgLljTbGfSG7qAOspJ7OScBnGdDN/yBr0sguwnwf0=
github.com/whyrusleeping/tar-utils v0.0.0-20180509141711-8c6c8ba81d5c h1:GGsyl0dZ2jJgVT+VvWBf/cNijrHRhkrTjkmp5wg7li0=
github.com/whyrusleeping/tar-utils v0.0.0-20180509141711-8c6c8ba81d5c/go.mod h1:xxcJeBb7SIUl/Wzkz1eVKJE/CB34YNrqX2TQI6jY9zs=
github.com/xanzy/ssh-agent v0.2.1 h1:TCbipTQL2JiiCprBWx9frJ2eJlCYT00NmctrHxVAr70=
github.com/xanzy/ssh-agent v0.2.1/go.mod h1:mLlQY/MoOhWBj+gOGMQkOeiEvkx+8pJSI+0Bx9h2kr4=
github.com/xordataexchange/crypt v0.0.3-0.20170626215501-b2862e3d0a77/go.mod h1:aYKd//L2LvnjZzWKhF00oedf4jCCReLcmhLdhm1A27Q=
golang.org/dl v0.0.0-20200414231856-f86334ee252a h1:44quIll1zKsynBTnvnoAHVuAGmTB9mz9meMnWEAAQ+o=
golang.org/dl v0.0.0-20200414231856-f86334ee252a/go.mod h1:IUMfjQLJQd4UTqG1Z90tenwKoCX93Gn3MAQJMOSBsDQ=
golang.org/x/crypto v0.0.0-20170930174604-9419663f5a44/go.mod h1:6SG95UA2DQfeDnfUPMdvaQW0Q7yPrPDi9nlGo2tz2b4=
golang.org/x/crypto v0.0.0-20180904163835-0709b304e793/go.mod h1:6SG95UA2DQfeDnfUPMdvaQW0Q7yPrPDi9nlGo2tz2b4=
golang.org/x/crypto v0.0.0-20181203042331-505ab145d0a9/go.mod h1:6SG95UA2DQfeDnfUPMdvaQW0Q7yPrPDi9nlGo2tz2b4=
golang.org/x/crypto v0.0.0-20190211182817-74369b46fc67/go.mod h1:6SG95UA2DQfeDnfUPMdvaQW0Q7yPrPDi9nlGo2tz2b4=
golang.org/x/crypto v0.0.0-20190219172222-a4c6cb3142f2/go.mod h1:6SG95UA2DQfeDnfUPMdvaQW0Q7yPrPDi9nlGo2tz2b4=
golang.org/x/crypto v0.0.0-20190225124518-7f87c0fbb88b/go.mod h1:6SG95UA2DQfeDnfUPMdvaQW0Q7yPrPDi9nlGo2tz2b4=
golang.org/x/crypto v0.0.0-20190228161510-8dd112bcdc25/go.mod h1:djNgcEr1/C05ACkg1iLfiJU5Ep61QUkGW8qpdssI0+w=
golang.org/x/crypto v0.0.0-20190308221718-c2843e01d9a2/go.mod h1:djNgcEr1/C05ACkg1iLfiJU5Ep61QUkGW8qpdssI0+w=
golang.org/x/crypto v0.0.0-20190426145343-a29dc8fdc734 h1:p/H982KKEjUnLJkM3tt/LemDnOc1GiZL5FCVlORJ5zo=
golang.org/x/crypto v0.0.0-20190426145343-a29dc8fdc734/go.mod h1:yigFU9vqHzYiE8UmvKecakEJjdnWj3jj499lnFckfCI=
golang.org/x/crypto v0.0.0-20190611184440-5c40567a22f8/go.mod h1:yigFU9vqHzYiE8UmvKecakEJjdnWj3jj499lnFckfCI=
golang.org/x/crypto v0.0.0-20200302210943-78000ba7a073 h1:xMPOj6Pz6UipU1wXLkrtqpHbR0AVFnyPEQq/wRWz9lM=
golang.org/x/crypto v0.0.0-20200302210943-78000ba7a073/go.mod h1:LzIPMQfyMNhhGPhUkYOs5KpL4U8rLKemX1yGLhDgUto=
golang.org/x/net v0.0.0-20180906233101-161cd47e91fd/go.mod h1:mL1N/T3taQHkDXs73rZJwtUhF3w3ftmwwsq0BUmARs4=
golang.org/x/net v0.0.0-20190404232315-eb5bcb51f2a3 h1:0GoQqolDA55aaLxZyTzK/Y2ePZzZTUrRacwib7cNsYQ=
golang.org/x/net v0.0.0-20190404232315-eb5bcb51f2a3/go.mod h1:t9HGtf8HONx5eT2rtn7q6eTqICYqUVnKs3thJo3Qplg=
golang.org/x/net v0.0.0-20190620200207-3b0461eec859 h1:R/3boaszxrf1GEUWTVDzSKVwLmSJpwZ1yqXm8j0v2QI=
golang.org/x/net v0.0.0-20190620200207-3b0461eec859/go.mod h1:z5CRVTTTmAJ677TzLLGU+0bjPO0LkuOLi4/5GtJWs/s=
golang.org/x/net v0.0.0-20200301022130-244492dfa37a h1:GuSPYbZzB5/dcLNCwLQLsg3obCJtX9IJhpXkvY7kzk0=
golang.org/x/net v0.0.0-20200301022130-244492dfa37a/go.mod h1:z5CRVTTTmAJ677TzLLGU+0bjPO0LkuOLi4/5GtJWs/s=
golang.org/x/sync v0.0.0-20180314180146-1d60e4601c6f/go.mod h1:RxMgew5VJxzue5/jJTE5uejpjVlOe/izrB70Jof72aM=
golang.org/x/sys v0.0.0-20180903190138-2b024373dcd9/go.mod h1:STP8DvDyc/dI5b8T5hshtkjS+E42TnysNCUPdjciGhY=
golang.org/x/sys v0.0.0-20180909124046-d0be0721c37e/go.mod h1:STP8DvDyc/dI5b8T5hshtkjS+E42TnysNCUPdjciGhY=
golang.org/x/sys v0.0.0-20181205085412-a5c9d58dba9a/go.mod h1:STP8DvDyc/dI5b8T5hshtkjS+E42TnysNCUPdjciGhY=
golang.org/x/sys v0.0.0-20190215142949-d0b11bdaac8a/go.mod h1:STP8DvDyc/dI5b8T5hshtkjS+E42TnysNCUPdjciGhY=
golang.org/x/sys v0.0.0-20190219092855-153ac476189d/go.mod h1:STP8DvDyc/dI5b8T5hshtkjS+E42TnysNCUPdjciGhY=
golang.org/x/sys v0.0.0-20190221075227-b4e8571b14e0/go.mod h1:STP8DvDyc/dI5b8T5hshtkjS+E42TnysNCUPdjciGhY=
golang.org/x/sys v0.0.0-20190222072716-a9d3bda3a223/go.mod h1:STP8DvDyc/dI5b8T5hshtkjS+E42TnysNCUPdjciGhY=
golang.org/x/sys v0.0.0-20190228124157-a34e9553db1e/go.mod h1:STP8DvDyc/dI5b8T5hshtkjS+E42TnysNCUPdjciGhY=
golang.org/x/sys v0.0.0-20190302025703-b6889370fb10/go.mod h1:STP8DvDyc/dI5b8T5hshtkjS+E42TnysNCUPdjciGhY=
golang.org/x/sys v0.0.0-20190412213103-97732733099d h1:+R4KGOnez64A81RvjARKc4UT5/tI9ujCIVX+P5KiHuI=
golang.org/x/sys v0.0.0-20190412213103-97732733099d/go.mod h1:h1NjWce9XRLGQEsW7wpKNCjG9DtNlClVuFLEZdDNbEs=
golang.org/x/sys v0.0.0-20190626221950-04f50cda93cb h1:fgwFCsaw9buMuxNd6+DQfAuSFqbNiQZpcgJQAgJsK6k=
golang.org/x/sys v0.0.0-20190626221950-04f50cda93cb/go.mod h1:h1NjWce9XRLGQEsW7wpKNCjG9DtNlClVuFLEZdDNbEs=
golang.org/x/sys v0.0.0-20200302150141-5c8b2ff67527 h1:uYVVQ9WP/Ds2ROhcaGPeIdVq0RIXVLwsHlnvJ+cT1So=
golang.org/x/sys v0.0.0-20200302150141-5c8b2ff67527/go.mod h1:h1NjWce9XRLGQEsW7wpKNCjG9DtNlClVuFLEZdDNbEs=
golang.org/x/text v0.3.0/go.mod h1:NqM8EUOU14njkJ3fqMW+pc6Ldnwhi/IjpwHt7yyuwOQ=
golang.org/x/text v0.3.2 h1:tW2bmiBqwgJj/UpqtC8EpXEZVYOwU0yG4iWbprSVAcs=
golang.org/x/text v0.3.2/go.mod h1:bEr9sfX3Q8Zfm5fL9x+3itogRgK3+ptLWKqgva+5dAk=
golang.org/x/tools v0.0.0-20180221164845-07fd8470d635 h1:2eB4G6bDQDeP69ZXbOKC00S2Kf6TIiRS+DzfKsKeQU0=
golang.org/x/tools v0.0.0-20180221164845-07fd8470d635/go.mod h1:n7NCudcB/nEzxVGmLbDWY5pfWTLqBcC2KZ6jyYvM4mQ=
golang.org/x/tools v0.0.0-20180917221912-90fa682c2a6e/go.mod h1:n7NCudcB/nEzxVGmLbDWY5pfWTLqBcC2KZ6jyYvM4mQ=
gopkg.in/check.v1 v0.0.0-20161208181325-20d25e280405/go.mod h1:Co6ibVJAznAaIkqp8huTwlJQCZ016jof/cbN4VW5Yz0=
gopkg.in/check.v1 v1.0.0-20180628173108-788fd7840127/go.mod h1:Co6ibVJAznAaIkqp8huTwlJQCZ016jof/cbN4VW5Yz0=
gopkg.in/check.v1 v1.0.0-20190902080502-41f04d3bba15/go.mod h1:Co6ibVJAznAaIkqp8huTwlJQCZ016jof/cbN4VW5Yz0=
gopkg.in/check.v1 v1.0.0-20200227125254-8fa46927fb4f h1:BLraFXnmrev5lT+xlilqcH8XK9/i0At2xKjWk4p6zsU=
gopkg.in/check.v1 v1.0.0-20200227125254-8fa46927fb4f/go.mod h1:Co6ibVJAznAaIkqp8huTwlJQCZ016jof/cbN4VW5Yz0=
gopkg.in/fsnotify.v1 v1.4.7/go.mod h1:Tz8NjZHkW78fSQdbUxIjBTcgA1z1m8ZHf0WmKUhAMys=
gopkg.in/src-d/go-billy.v4 v4.2.1 h1:omN5CrMrMcQ+4I8bJ0wEhOBPanIRWzFC953IiXKdYzo=
gopkg.in/src-d/go-billy.v4 v4.2.1/go.mod h1:tm33zBoOwxjYHZIE+OV8bxTWFMJLrconzFMd38aARFk=
gopkg.in/tomb.v1 v1.0.0-20141024135613-dd632973f1e7/go.mod h1:dt/ZhP58zS4L8KSrWDmTeBkI65Dw0HsyUHuEVlX15mw=
gopkg.in/warnings.v0 v0.1.2 h1:wFXVbFY8DY5/xOe1ECiWdKCzZlxgshcYVNkBHstARME=
gopkg.in/warnings.v0 v0.1.2/go.mod h1:jksf8JmL6Qr/oQM2OXTHunEvvTAsrWBLb6OOjuVWRNI=
gopkg.in/yaml.v2 v2.2.1/go.mod h1:hI93XBmqTisBFMUTm0b8Fm+jr3Dg1NNxqwp+5A1VGuI=
gopkg.in/yaml.v2 v2.2.2/go.mod h1:hI93XBmqTisBFMUTm0b8Fm+jr3Dg1NNxqwp+5A1VGuI=
gopkg.in/yaml.v2 v2.2.4 h1:/eiJrUcujPVeJ3xlSWaiNi3uSVmDGBK1pDHUHAnao1I=
gopkg.in/yaml.v2 v2.2.4/go.mod h1:hI93XBmqTisBFMUTm0b8Fm+jr3Dg1NNxqwp+5A1VGuI=
